<?xml version="1.0" encoding="utf-8"?>
<Project ToolsVersion="4.0" xmlns="http://schemas.microsoft.com/developer/msbuild/2003">
  <ItemGroup>
    <Filter Include="소스 파일">
      <UniqueIdentifier>{4FC737F1-C7A5-4376-A066-2A32D752A2FF}</UniqueIdentifier>
      <Extensions>cpp;c;cc;cxx;def;odl;idl;hpj;bat;asm;asmx</Extensions>
    </Filter>
    <Filter Include="헤더 파일">
      <UniqueIdentifier>{93995380-89BD-4b04-88EB-625FBE52EBFB}</UniqueIdentifier>
      <Extensions>h;hh;hpp;hxx;hm;inl;inc;ipp;xsd</Extensions>
    </Filter>
    <Filter Include="리소스 파일">
      <UniqueIdentifier>{67DA6AB6-F800-4c08-8B7A-83BB121AAD01}</UniqueIdentifier>
      <Extensions>rc;ico;cur;bmp;dlg;rc2;rct;bin;rgs;gif;jpg;jpeg;jpe;resx;tiff;tif;png;wav;mfcribbon-ms</Extensions>
    </Filter>
  </ItemGroup>
  <ItemGroup>
    <ClInclude Include="CLimitsSA.h">
      <Filter>헤더 파일</Filter>
    </ClInclude>
    <ClInclude Include="CMultiplayerSA.h">
      <Filter>헤더 파일</Filter>
    </ClInclude>
    <ClInclude Include="Common.h">
      <Filter>헤더 파일</Filter>
    </ClInclude>
    <ClInclude Include="multiplayer_hooksystem.h">
      <Filter>헤더 파일</Filter>
    </ClInclude>
    <ClInclude Include="multiplayersa_init.h">
      <Filter>헤더 파일</Filter>
    </ClInclude>
    <ClInclude Include="StdInc.h">
      <Filter>헤더 파일</Filter>
    </ClInclude>
    <ClInclude Include="COffsetsMP.h">
      <Filter>헤더 파일</Filter>
    </ClInclude>
  </ItemGroup>
  <ItemGroup>
    <ClCompile Include="CLimitsSA.cpp">
      <Filter>소스 파일</Filter>
    </ClCompile>
    <ClCompile Include="CMultiplayerSA.cpp">
      <Filter>소스 파일</Filter>
    </ClCompile>
    <ClCompile Include="CMultiplayerSA_1.3.cpp">
      <Filter>소스 파일</Filter>
    </ClCompile>
    <ClCompile Include="CMultiplayerSA_ClothesCache.cpp">
      <Filter>소스 파일</Filter>
    </ClCompile>
    <ClCompile Include="CMultiplayerSA_ClothesMemFix.cpp">
      <Filter>소스 파일</Filter>
    </ClCompile>
    <ClCompile Include="CMultiplayerSA_ClothesSpeedUp.cpp">
      <Filter>소스 파일</Filter>
    </ClCompile>
    <ClCompile Include="CMultiplayerSA_CrashFixHacks.cpp">
      <Filter>소스 파일</Filter>
    </ClCompile>
    <ClCompile Include="CMultiplayerSA_CustomAnimations.cpp">
      <Filter>소스 파일</Filter>
    </ClCompile>
    <ClCompile Include="CMultiplayerSA_Files.cpp">
      <Filter>소스 파일</Filter>
    </ClCompile>
    <ClCompile Include="CMultiplayerSA_FixBadAnimId.cpp">
      <Filter>소스 파일</Filter>
    </ClCompile>
    <ClCompile Include="CMultiplayerSA_FixLineOfSightArgs.cpp">
      <Filter>소스 파일</Filter>
    </ClCompile>
    <ClCompile Include="CMultiplayerSA_HookDestructors.cpp">
      <Filter>소스 파일</Filter>
    </ClCompile>
    <ClCompile Include="CMultiplayerSA_LicensePlate.cpp">
      <Filter>소스 파일</Filter>
    </ClCompile>
    <ClCompile Include="CMultiplayerSA_ObjectLODSystem.cpp">
      <Filter>소스 파일</Filter>
    </ClCompile>
    <ClCompile Include="CMultiplayerSA_Peds.cpp">
      <Filter>소스 파일</Filter>
    </ClCompile>
    <ClCompile Include="CMultiplayerSA_Rendering.cpp">
      <Filter>소스 파일</Filter>
    </ClCompile>
    <ClCompile Include="CMultiplayerSA_RwResources.cpp">
      <Filter>소스 파일</Filter>
    </ClCompile>
    <ClCompile Include="CMultiplayerSA_VehicleCollision.cpp">
      <Filter>소스 파일</Filter>
    </ClCompile>
    <ClCompile Include="CMultiplayerSA_VehicleDamage.cpp">
      <Filter>소스 파일</Filter>
    </ClCompile>
    <ClCompile Include="CMultiplayerSA_VehicleLights.cpp">
      <Filter>소스 파일</Filter>
    </ClCompile>
    <ClCompile Include="CMultiplayerSA_Weapons.cpp">
      <Filter>소스 파일</Filter>
    </ClCompile>
    <ClCompile Include="multiplayersa_init.cpp">
      <Filter>소스 파일</Filter>
    </ClCompile>
    <ClCompile Include="StdInc.cpp">
      <Filter>소스 파일</Filter>
    </ClCompile>
    <ClCompile Include="multiplayer_hooksystem.cpp">
      <Filter>소스 파일</Filter>
    </ClCompile>
    <ClCompile Include="COffsetsMP.cpp">
      <Filter>소스 파일</Filter>
    </ClCompile>
  </ItemGroup>
</Project>