
Microsoft Visual Studio Solution File, Format Version 12.00
# Visual Studio 15
VisualStudioVersion = 15.0.28010.2048
MinimumVisualStudioVersion = 10.0.40219.1
Project("{8BC9CEB8-8B4A-11D0-8D11-00A0C91BC942}") = "SA-MP+ Client", "SA-MP+ Client\SA-MP+.vcxproj", "{01492B2D-BDF0-450C-9A8F-2FFC77C4C0CA}"
EndProject
Project("{2150E333-8FDC-42A3-9474-1A3956D46DE8}") = "Shared", "Shared", "{F65675B7-1C03-46BE-9903-38A2B183B09E}"
EndProject
Project("{2150E333-8FDC-42A3-9474-1A3956D46DE8}") = "RakNet", "RakNet", "{C6F4FBFD-610E-4DF0-BCEC-B19CC9DD0029}"
	ProjectSection(SolutionItems) = preProject
		Shared\RakNet\_FindFirst.h = Shared\RakNet\_FindFirst.h
		Shared\RakNet\AutopatcherPatchContext.h = Shared\RakNet\AutopatcherPatchContext.h
		Shared\RakNet\AutopatcherRepositoryInterface.h = Shared\RakNet\AutopatcherRepositoryInterface.h
		Shared\RakNet\Base64Encoder.h = Shared\RakNet\Base64Encoder.h
		Shared\RakNet\BitStream.h = Shared\RakNet\BitStream.h
		Shared\RakNet\CCRakNetSlidingWindow.h = Shared\RakNet\CCRakNetSlidingWindow.h
		Shared\RakNet\CCRakNetUDT.h = Shared\RakNet\CCRakNetUDT.h
		Shared\RakNet\CheckSum.h = Shared\RakNet\CheckSum.h
		Shared\RakNet\CloudClient.h = Shared\RakNet\CloudClient.h
		Shared\RakNet\CloudCommon.h = Shared\RakNet\CloudCommon.h
		Shared\RakNet\CloudServer.h = Shared\RakNet\CloudServer.h
		Shared\RakNet\CommandParserInterface.h = Shared\RakNet\CommandParserInterface.h
		Shared\RakNet\ConnectionGraph2.h = Shared\RakNet\ConnectionGraph2.h
		Shared\RakNet\ConsoleServer.h = Shared\RakNet\ConsoleServer.h
		Shared\RakNet\DataCompressor.h = Shared\RakNet\DataCompressor.h
		Shared\RakNet\DirectoryDeltaTransfer.h = Shared\RakNet\DirectoryDeltaTransfer.h
		Shared\RakNet\DR_SHA1.h = Shared\RakNet\DR_SHA1.h
		Shared\RakNet\DS_BinarySearchTree.h = Shared\RakNet\DS_BinarySearchTree.h
		Shared\RakNet\DS_BPlusTree.h = Shared\RakNet\DS_BPlusTree.h
		Shared\RakNet\DS_BytePool.h = Shared\RakNet\DS_BytePool.h
		Shared\RakNet\DS_ByteQueue.h = Shared\RakNet\DS_ByteQueue.h
		Shared\RakNet\DS_Hash.h = Shared\RakNet\DS_Hash.h
		Shared\RakNet\DS_Heap.h = Shared\RakNet\DS_Heap.h
		Shared\RakNet\DS_HuffmanEncodingTree.h = Shared\RakNet\DS_HuffmanEncodingTree.h
		Shared\RakNet\DS_HuffmanEncodingTreeFactory.h = Shared\RakNet\DS_HuffmanEncodingTreeFactory.h
		Shared\RakNet\DS_HuffmanEncodingTreeNode.h = Shared\RakNet\DS_HuffmanEncodingTreeNode.h
		Shared\RakNet\DS_LinkedList.h = Shared\RakNet\DS_LinkedList.h
		Shared\RakNet\DS_List.h = Shared\RakNet\DS_List.h
		Shared\RakNet\DS_Map.h = Shared\RakNet\DS_Map.h
		Shared\RakNet\DS_MemoryPool.h = Shared\RakNet\DS_MemoryPool.h
		Shared\RakNet\DS_Multilist.h = Shared\RakNet\DS_Multilist.h
		Shared\RakNet\DS_OrderedChannelHeap.h = Shared\RakNet\DS_OrderedChannelHeap.h
		Shared\RakNet\DS_OrderedList.h = Shared\RakNet\DS_OrderedList.h
		Shared\RakNet\DS_Queue.h = Shared\RakNet\DS_Queue.h
		Shared\RakNet\DS_QueueLinkedList.h = Shared\RakNet\DS_QueueLinkedList.h
		Shared\RakNet\DS_RangeList.h = Shared\RakNet\DS_RangeList.h
		Shared\RakNet\DS_Table.h = Shared\RakNet\DS_Table.h
		Shared\RakNet\DS_ThreadsafeAllocatingQueue.h = Shared\RakNet\DS_ThreadsafeAllocatingQueue.h
		Shared\RakNet\DS_Tree.h = Shared\RakNet\DS_Tree.h
		Shared\RakNet\DS_WeightedGraph.h = Shared\RakNet\DS_WeightedGraph.h
		Shared\RakNet\DynDNS.h = Shared\RakNet\DynDNS.h
		Shared\RakNet\EmailSender.h = Shared\RakNet\EmailSender.h
		Shared\RakNet\EmptyHeader.h = Shared\RakNet\EmptyHeader.h
		Shared\RakNet\EpochTimeToString.h = Shared\RakNet\EpochTimeToString.h
		Shared\RakNet\Export.h = Shared\RakNet\Export.h
		Shared\RakNet\FileList.h = Shared\RakNet\FileList.h
		Shared\RakNet\FileListNodeContext.h = Shared\RakNet\FileListNodeContext.h
		Shared\RakNet\FileListTransfer.h = Shared\RakNet\FileListTransfer.h
		Shared\RakNet\FileListTransferCBInterface.h = Shared\RakNet\FileListTransferCBInterface.h
		Shared\RakNet\FileOperations.h = Shared\RakNet\FileOperations.h
		Shared\RakNet\FormatString.h = Shared\RakNet\FormatString.h
		Shared\RakNet\FullyConnectedMesh2.h = Shared\RakNet\FullyConnectedMesh2.h
		Shared\RakNet\Getche.h = Shared\RakNet\Getche.h
		Shared\RakNet\Gets.h = Shared\RakNet\Gets.h
		Shared\RakNet\GetTime.h = Shared\RakNet\GetTime.h
		Shared\RakNet\gettimeofday.h = Shared\RakNet\gettimeofday.h
		Shared\RakNet\GridSectorizer.h = Shared\RakNet\GridSectorizer.h
		Shared\RakNet\HTTPConnection.h = Shared\RakNet\HTTPConnection.h
		Shared\RakNet\HTTPConnection2.h = Shared\RakNet\HTTPConnection2.h
		Shared\RakNet\IncrementalReadInterface.h = Shared\RakNet\IncrementalReadInterface.h
		Shared\RakNet\InternalPacket.h = Shared\RakNet\InternalPacket.h
		Shared\RakNet\Itoa.h = Shared\RakNet\Itoa.h
		Shared\RakNet\Kbhit.h = Shared\RakNet\Kbhit.h
		Shared\RakNet\LinuxStrings.h = Shared\RakNet\LinuxStrings.h
		Shared\RakNet\LocklessTypes.h = Shared\RakNet\LocklessTypes.h
		Shared\RakNet\LogCommandParser.h = Shared\RakNet\LogCommandParser.h
		Shared\RakNet\MessageFilter.h = Shared\RakNet\MessageFilter.h
		Shared\RakNet\MessageIdentifiers.h = Shared\RakNet\MessageIdentifiers.h
		Shared\RakNet\MTUSize.h = Shared\RakNet\MTUSize.h
		Shared\RakNet\NativeFeatureIncludes.h = Shared\RakNet\NativeFeatureIncludes.h
		Shared\RakNet\NativeFeatureIncludesOverrides.h = Shared\RakNet\NativeFeatureIncludesOverrides.h
		Shared\RakNet\NativeTypes.h = Shared\RakNet\NativeTypes.h
		Shared\RakNet\NatPunchthroughClient.h = Shared\RakNet\NatPunchthroughClient.h
		Shared\RakNet\NatPunchthroughServer.h = Shared\RakNet\NatPunchthroughServer.h
		Shared\RakNet\NatTypeDetectionClient.h = Shared\RakNet\NatTypeDetectionClient.h
		Shared\RakNet\NatTypeDetectionCommon.h = Shared\RakNet\NatTypeDetectionCommon.h
		Shared\RakNet\NatTypeDetectionServer.h = Shared\RakNet\NatTypeDetectionServer.h
		Shared\RakNet\NetworkIDManager.h = Shared\RakNet\NetworkIDManager.h
		Shared\RakNet\NetworkIDObject.h = Shared\RakNet\NetworkIDObject.h
		Shared\RakNet\PacketConsoleLogger.h = Shared\RakNet\PacketConsoleLogger.h
		Shared\RakNet\PacketFileLogger.h = Shared\RakNet\PacketFileLogger.h
		Shared\RakNet\PacketizedTCP.h = Shared\RakNet\PacketizedTCP.h
		Shared\RakNet\PacketLogger.h = Shared\RakNet\PacketLogger.h
		Shared\RakNet\PacketOutputWindowLogger.h = Shared\RakNet\PacketOutputWindowLogger.h
		Shared\RakNet\PacketPool.h = Shared\RakNet\PacketPool.h
		Shared\RakNet\PacketPriority.h = Shared\RakNet\PacketPriority.h
		Shared\RakNet\PluginInterface2.h = Shared\RakNet\PluginInterface2.h
		Shared\RakNet\PS3Includes.h = Shared\RakNet\PS3Includes.h
		Shared\RakNet\PS4Includes.h = Shared\RakNet\PS4Includes.h
		Shared\RakNet\Rackspace.h = Shared\RakNet\Rackspace.h
		Shared\RakNet\RakAlloca.h = Shared\RakNet\RakAlloca.h
		Shared\RakNet\RakAssert.h = Shared\RakNet\RakAssert.h
		Shared\RakNet\RakMemoryOverride.h = Shared\RakNet\RakMemoryOverride.h
		Shared\RakNet\RakNetCommandParser.h = Shared\RakNet\RakNetCommandParser.h
		Shared\RakNet\RakNetDefines.h = Shared\RakNet\RakNetDefines.h
		Shared\RakNet\RakNetDefinesOverrides.h = Shared\RakNet\RakNetDefinesOverrides.h
		Shared\RakNet\RakNetSmartPtr.h = Shared\RakNet\RakNetSmartPtr.h
		Shared\RakNet\RakNetSocket.h = Shared\RakNet\RakNetSocket.h
		Shared\RakNet\RakNetSocket2.h = Shared\RakNet\RakNetSocket2.h
		Shared\RakNet\RakNetStatistics.h = Shared\RakNet\RakNetStatistics.h
		Shared\RakNet\RakNetTime.h = Shared\RakNet\RakNetTime.h
		Shared\RakNet\RakNetTransport2.h = Shared\RakNet\RakNetTransport2.h
		Shared\RakNet\RakNetTypes.h = Shared\RakNet\RakNetTypes.h
		Shared\RakNet\RakNetVersion.h = Shared\RakNet\RakNetVersion.h
		Shared\RakNet\RakPeer.h = Shared\RakNet\RakPeer.h
		Shared\RakNet\RakPeerInterface.h = Shared\RakNet\RakPeerInterface.h
		Shared\RakNet\RakSleep.h = Shared\RakNet\RakSleep.h
		Shared\RakNet\RakString.h = Shared\RakNet\RakString.h
		Shared\RakNet\RakThread.h = Shared\RakNet\RakThread.h
		Shared\RakNet\RakWString.h = Shared\RakNet\RakWString.h
		Shared\RakNet\Rand.h = Shared\RakNet\Rand.h
		Shared\RakNet\RandSync.h = Shared\RakNet\RandSync.h
		Shared\RakNet\ReadyEvent.h = Shared\RakNet\ReadyEvent.h
		Shared\RakNet\RefCountedObj.h = Shared\RakNet\RefCountedObj.h
		Shared\RakNet\RelayPlugin.h = Shared\RakNet\RelayPlugin.h
		Shared\RakNet\ReliabilityLayer.h = Shared\RakNet\ReliabilityLayer.h
		Shared\RakNet\ReplicaEnums.h = Shared\RakNet\ReplicaEnums.h
		Shared\RakNet\ReplicaManager3.h = Shared\RakNet\ReplicaManager3.h
		Shared\RakNet\Router2.h = Shared\RakNet\Router2.h
		Shared\RakNet\RPC4Plugin.h = Shared\RakNet\RPC4Plugin.h
		Shared\RakNet\SecureHandshake.h = Shared\RakNet\SecureHandshake.h
		Shared\RakNet\SendToThread.h = Shared\RakNet\SendToThread.h
		Shared\RakNet\SignaledEvent.h = Shared\RakNet\SignaledEvent.h
		Shared\RakNet\SimpleMutex.h = Shared\RakNet\SimpleMutex.h
		Shared\RakNet\SimpleTCPServer.h = Shared\RakNet\SimpleTCPServer.h
		Shared\RakNet\SingleProducerConsumer.h = Shared\RakNet\SingleProducerConsumer.h
		Shared\RakNet\SocketDefines.h = Shared\RakNet\SocketDefines.h
		Shared\RakNet\SocketIncludes.h = Shared\RakNet\SocketIncludes.h
		Shared\RakNet\SocketLayer.h = Shared\RakNet\SocketLayer.h
		Shared\RakNet\StatisticsHistory.h = Shared\RakNet\StatisticsHistory.h
		Shared\RakNet\StringCompressor.h = Shared\RakNet\StringCompressor.h
		Shared\RakNet\StringTable.h = Shared\RakNet\StringTable.h
		Shared\RakNet\SuperFastHash.h = Shared\RakNet\SuperFastHash.h
		Shared\RakNet\TableSerializer.h = Shared\RakNet\TableSerializer.h
		Shared\RakNet\TCPInterface.h = Shared\RakNet\TCPInterface.h
		Shared\RakNet\TeamBalancer.h = Shared\RakNet\TeamBalancer.h
		Shared\RakNet\TeamManager.h = Shared\RakNet\TeamManager.h
		Shared\RakNet\TelnetTransport.h = Shared\RakNet\TelnetTransport.h
		Shared\RakNet\ThreadPool.h = Shared\RakNet\ThreadPool.h
		Shared\RakNet\ThreadsafePacketLogger.h = Shared\RakNet\ThreadsafePacketLogger.h
		Shared\RakNet\TransportInterface.h = Shared\RakNet\TransportInterface.h
		Shared\RakNet\TwoWayAuthentication.h = Shared\RakNet\TwoWayAuthentication.h
		Shared\RakNet\UDPForwarder.h = Shared\RakNet\UDPForwarder.h
		Shared\RakNet\UDPProxyClient.h = Shared\RakNet\UDPProxyClient.h
		Shared\RakNet\UDPProxyCommon.h = Shared\RakNet\UDPProxyCommon.h
		Shared\RakNet\UDPProxyCoordinator.h = Shared\RakNet\UDPProxyCoordinator.h
		Shared\RakNet\UDPProxyServer.h = Shared\RakNet\UDPProxyServer.h
		Shared\RakNet\VariableDeltaSerializer.h = Shared\RakNet\VariableDeltaSerializer.h
		Shared\RakNet\VariableListDeltaTracker.h = Shared\RakNet\VariableListDeltaTracker.h
		Shared\RakNet\VariadicSQLParser.h = Shared\RakNet\VariadicSQLParser.h
		Shared\RakNet\VitaIncludes.h = Shared\RakNet\VitaIncludes.h
		Shared\RakNet\WindowsIncludes.h = Shared\RakNet\WindowsIncludes.h
		Shared\RakNet\WSAStartupSingleton.h = Shared\RakNet\WSAStartupSingleton.h
		Shared\RakNet\XBox360Includes.h = Shared\RakNet\XBox360Includes.h
	EndProjectSection
EndProject
Project("{2150E333-8FDC-42A3-9474-1A3956D46DE8}") = "DirectX", "DirectX", "{933930E5-D4BE-4347-927F-D2F7E3DF8598}"
	ProjectSection(SolutionItems) = preProject
		Shared\DirectX\audiodefs.h = Shared\DirectX\audiodefs.h
		Shared\DirectX\comdecl.h = Shared\DirectX\comdecl.h
		Shared\DirectX\D2D1.h = Shared\DirectX\D2D1.h
		Shared\DirectX\D2D1Helper.h = Shared\DirectX\D2D1Helper.h
		Shared\DirectX\D2DBaseTypes.h = Shared\DirectX\D2DBaseTypes.h
		Shared\DirectX\D2Derr.h = Shared\DirectX\D2Derr.h
		Shared\DirectX\D3D10.h = Shared\DirectX\D3D10.h
		Shared\DirectX\D3D10_1.h = Shared\DirectX\D3D10_1.h
		Shared\DirectX\D3D10_1shader.h = Shared\DirectX\D3D10_1shader.h
		Shared\DirectX\D3D10effect.h = Shared\DirectX\D3D10effect.h
		Shared\DirectX\d3d10misc.h = Shared\DirectX\d3d10misc.h
		Shared\DirectX\d3d10sdklayers.h = Shared\DirectX\d3d10sdklayers.h
		Shared\DirectX\D3D10shader.h = Shared\DirectX\D3D10shader.h
		Shared\DirectX\D3D11.h = Shared\DirectX\D3D11.h
		Shared\DirectX\D3D11SDKLayers.h = Shared\DirectX\D3D11SDKLayers.h
		Shared\DirectX\D3D11Shader.h = Shared\DirectX\D3D11Shader.h
		Shared\DirectX\d3d9.h = Shared\DirectX\d3d9.h
		Shared\DirectX\d3d9caps.h = Shared\DirectX\d3d9caps.h
		Shared\DirectX\d3d9types.h = Shared\DirectX\d3d9types.h
		Shared\DirectX\D3Dcommon.h = Shared\DirectX\D3Dcommon.h
		Shared\DirectX\D3Dcompiler.h = Shared\DirectX\D3Dcompiler.h
		Shared\DirectX\D3DCSX.h = Shared\DirectX\D3DCSX.h
		Shared\DirectX\D3DX10.h = Shared\DirectX\D3DX10.h
		Shared\DirectX\d3dx10async.h = Shared\DirectX\d3dx10async.h
		Shared\DirectX\D3DX10core.h = Shared\DirectX\D3DX10core.h
		Shared\DirectX\D3DX10math.h = Shared\DirectX\D3DX10math.h
		Shared\DirectX\D3DX10math.inl = Shared\DirectX\D3DX10math.inl
		Shared\DirectX\D3DX10mesh.h = Shared\DirectX\D3DX10mesh.h
		Shared\DirectX\D3DX10tex.h = Shared\DirectX\D3DX10tex.h
		Shared\DirectX\D3DX11.h = Shared\DirectX\D3DX11.h
		Shared\DirectX\D3DX11async.h = Shared\DirectX\D3DX11async.h
		Shared\DirectX\D3DX11core.h = Shared\DirectX\D3DX11core.h
		Shared\DirectX\D3DX11tex.h = Shared\DirectX\D3DX11tex.h
		Shared\DirectX\d3dx9.h = Shared\DirectX\d3dx9.h
		Shared\DirectX\d3dx9anim.h = Shared\DirectX\d3dx9anim.h
		Shared\DirectX\d3dx9core.h = Shared\DirectX\d3dx9core.h
		Shared\DirectX\d3dx9effect.h = Shared\DirectX\d3dx9effect.h
		Shared\DirectX\d3dx9math.h = Shared\DirectX\d3dx9math.h
		Shared\DirectX\d3dx9math.inl = Shared\DirectX\d3dx9math.inl
		Shared\DirectX\d3dx9mesh.h = Shared\DirectX\d3dx9mesh.h
		Shared\DirectX\d3dx9shader.h = Shared\DirectX\d3dx9shader.h
		Shared\DirectX\d3dx9shape.h = Shared\DirectX\d3dx9shape.h
		Shared\DirectX\d3dx9tex.h = Shared\DirectX\d3dx9tex.h
		Shared\DirectX\d3dx9xof.h = Shared\DirectX\d3dx9xof.h
		Shared\DirectX\D3DX_DXGIFormatConvert.inl = Shared\DirectX\D3DX_DXGIFormatConvert.inl
		Shared\DirectX\Dcommon.h = Shared\DirectX\Dcommon.h
		Shared\DirectX\dinput.h = Shared\DirectX\dinput.h
		Shared\DirectX\dinputd.h = Shared\DirectX\dinputd.h
		Shared\DirectX\dsconf.h = Shared\DirectX\dsconf.h
		Shared\DirectX\dsetup.h = Shared\DirectX\dsetup.h
		Shared\DirectX\dsound.h = Shared\DirectX\dsound.h
		Shared\DirectX\DWrite.h = Shared\DirectX\DWrite.h
		Shared\DirectX\dxdiag.h = Shared\DirectX\dxdiag.h
		Shared\DirectX\DxErr.h = Shared\DirectX\DxErr.h
		Shared\DirectX\dxfile.h = Shared\DirectX\dxfile.h
		Shared\DirectX\DXGI.h = Shared\DirectX\DXGI.h
		Shared\DirectX\DXGIFormat.h = Shared\DirectX\DXGIFormat.h
		Shared\DirectX\DXGIType.h = Shared\DirectX\DXGIType.h
		Shared\DirectX\dxsdkver.h = Shared\DirectX\dxsdkver.h
		Shared\DirectX\gameux.h = Shared\DirectX\gameux.h
		Shared\DirectX\PIXPlugin.h = Shared\DirectX\PIXPlugin.h
		Shared\DirectX\rmxfguid.h = Shared\DirectX\rmxfguid.h
		Shared\DirectX\rmxftmpl.h = Shared\DirectX\rmxftmpl.h
		Shared\DirectX\rpcsal.h = Shared\DirectX\rpcsal.h
		Shared\DirectX\X3DAudio.h = Shared\DirectX\X3DAudio.h
		Shared\DirectX\xact3.h = Shared\DirectX\xact3.h
		Shared\DirectX\xact3d3.h = Shared\DirectX\xact3d3.h
		Shared\DirectX\xact3wb.h = Shared\DirectX\xact3wb.h
		Shared\DirectX\XAPO.h = Shared\DirectX\XAPO.h
		Shared\DirectX\XAPOBase.h = Shared\DirectX\XAPOBase.h
		Shared\DirectX\XAPOFX.h = Shared\DirectX\XAPOFX.h
		Shared\DirectX\XAudio2.h = Shared\DirectX\XAudio2.h
		Shared\DirectX\XAudio2fx.h = Shared\DirectX\XAudio2fx.h
		Shared\DirectX\XDSP.h = Shared\DirectX\XDSP.h
		Shared\DirectX\XInput.h = Shared\DirectX\XInput.h
		Shared\DirectX\xma2defs.h = Shared\DirectX\xma2defs.h
		Shared\DirectX\xnamath.h = Shared\DirectX\xnamath.h
	EndProjectSection
EndProject
Project("{2150E333-8FDC-42A3-9474-1A3956D46DE8}") = "Detours", "Detours", "{230D1F19-461D-4E13-883E-05DCC5013D58}"
	ProjectSection(SolutionItems) = preProject
		Shared\Detours\detours.h = Shared\Detours\detours.h
	EndProjectSection
EndProject
Project("{2150E333-8FDC-42A3-9474-1A3956D46DE8}") = "SA-MP+", "SA-MP+", "{E270DF6B-B778-4F00-BF10-40FFF509EFE5}"
	ProjectSection(SolutionItems) = preProject
		Shared\SA-MP+\Debug.h = Shared\SA-MP+\Debug.h
		Shared\SA-MP+\PacketType.h = Shared\SA-MP+\PacketType.h
		Shared\SA-MP+\RPC.h = Shared\SA-MP+\RPC.h
	EndProjectSection
EndProject
Project("{8BC9CEB8-8B4A-11D0-8D11-00A0C91BC942}") = "game_sa", "SA-MP+ Client\game_sa\game_sa.vcxproj", "{7FA4906B-5573-4170-B373-0C17F44D7B32}"
EndProject
Project("{8BC9CEB8-8B4A-11D0-8D11-00A0C91BC942}") = "multiplayer_sa", "SA-MP+ Client\multiplayer_sa\multiplayer_sa.vcxproj", "{1358F6DE-7694-404D-8972-F56DE90E5157}"
EndProject
Project("{2150E333-8FDC-42A3-9474-1A3956D46DE8}") = "sdk", "sdk", "{282FF7B0-56C2-4B47-B06F-276FD388FABA}"
	ProjectSection(SolutionItems) = preProject
		Shared\sdk\CBox.h = Shared\sdk\CBox.h
		Shared\sdk\CChecksum.h = Shared\sdk\CChecksum.h
		Shared\sdk\CDuplicateLineFilter.h = Shared\sdk\CDuplicateLineFilter.h
		Shared\sdk\CFastList.h = Shared\sdk\CFastList.h
		Shared\sdk\CMatrix.h = Shared\sdk\CMatrix.h
		Shared\sdk\CMatrix4.h = Shared\sdk\CMatrix4.h
		Shared\sdk\CMatrix_Pad.h = Shared\sdk\CMatrix_Pad.h
		Shared\sdk\Common.h = Shared\sdk\Common.h
		Shared\sdk\CRect2D.h = Shared\sdk\CRect2D.h
		Shared\sdk\CScriptArgReader.h = Shared\sdk\CScriptArgReader.h
		Shared\sdk\CSphere.h = Shared\sdk\CSphere.h
		Shared\sdk\CStringMap.h = Shared\sdk\CStringMap.h
		Shared\sdk\CVector.h = Shared\sdk\CVector.h
		Shared\sdk\CVector2D.h = Shared\sdk\CVector2D.h
		Shared\sdk\CVector4D.h = Shared\sdk\CVector4D.h
		Shared\sdk\RTree.h = Shared\sdk\RTree.h
		Shared\sdk\sha1.h = Shared\sdk\sha1.h
		Shared\sdk\sha1.hpp = Shared\sdk\sha1.hpp
		Shared\sdk\sha2.h = Shared\sdk\sha2.h
		Shared\sdk\sha2.hpp = Shared\sdk\sha2.hpp
		Shared\sdk\SharedUtil.AllocTracking.h = Shared\sdk\SharedUtil.AllocTracking.h
		Shared\sdk\SharedUtil.AllocTracking.hpp = Shared\sdk\SharedUtil.AllocTracking.hpp
		Shared\sdk\SharedUtil.AsyncTaskScheduler.h = Shared\sdk\SharedUtil.AsyncTaskScheduler.h
		Shared\sdk\SharedUtil.AsyncTaskScheduler.hpp = Shared\sdk\SharedUtil.AsyncTaskScheduler.hpp
		Shared\sdk\SharedUtil.Buffer.h = Shared\sdk\SharedUtil.Buffer.h
		Shared\sdk\SharedUtil.ClassIdent.h = Shared\sdk\SharedUtil.ClassIdent.h
		Shared\sdk\SharedUtil.Crypto.h = Shared\sdk\SharedUtil.Crypto.h
		Shared\sdk\SharedUtil.Defines.h = Shared\sdk\SharedUtil.Defines.h
		Shared\sdk\SharedUtil.FastHashMap.h = Shared\sdk\SharedUtil.FastHashMap.h
		Shared\sdk\SharedUtil.FastHashSet.h = Shared\sdk\SharedUtil.FastHashSet.h
		Shared\sdk\SharedUtil.File.h = Shared\sdk\SharedUtil.File.h
		Shared\sdk\SharedUtil.File.hpp = Shared\sdk\SharedUtil.File.hpp
		Shared\sdk\SharedUtil.Game.h = Shared\sdk\SharedUtil.Game.h
		Shared\sdk\SharedUtil.Game.hpp = Shared\sdk\SharedUtil.Game.hpp
		Shared\sdk\SharedUtil.h = Shared\sdk\SharedUtil.h
		Shared\sdk\SharedUtil.Hash.h = Shared\sdk\SharedUtil.Hash.h
		Shared\sdk\SharedUtil.Hash.hpp = Shared\sdk\SharedUtil.Hash.hpp
		Shared\sdk\SharedUtil.HashMap.h = Shared\sdk\SharedUtil.HashMap.h
		Shared\sdk\SharedUtil.hpp = Shared\sdk\SharedUtil.hpp
		Shared\sdk\SharedUtil.IntervalCounter.h = Shared\sdk\SharedUtil.IntervalCounter.h
		Shared\sdk\SharedUtil.IntervalCounter.hpp = Shared\sdk\SharedUtil.IntervalCounter.hpp
		Shared\sdk\SharedUtil.Legacy.h = Shared\sdk\SharedUtil.Legacy.h
		Shared\sdk\SharedUtil.Logging.h = Shared\sdk\SharedUtil.Logging.h
		Shared\sdk\SharedUtil.Logging.hpp = Shared\sdk\SharedUtil.Logging.hpp
		Shared\sdk\SharedUtil.Map.h = Shared\sdk\SharedUtil.Map.h
		Shared\sdk\SharedUtil.Math.h = Shared\sdk\SharedUtil.Math.h
		Shared\sdk\SharedUtil.MemAccess.h = Shared\sdk\SharedUtil.MemAccess.h
		Shared\sdk\SharedUtil.MemAccess.hpp = Shared\sdk\SharedUtil.MemAccess.hpp
		Shared\sdk\SharedUtil.Misc.h = Shared\sdk\SharedUtil.Misc.h
		Shared\sdk\SharedUtil.Misc.hpp = Shared\sdk\SharedUtil.Misc.hpp
		Shared\sdk\SharedUtil.Profiling.h = Shared\sdk\SharedUtil.Profiling.h
		Shared\sdk\SharedUtil.Profiling.hpp = Shared\sdk\SharedUtil.Profiling.hpp
		Shared\sdk\SharedUtil.SysInfo.h = Shared\sdk\SharedUtil.SysInfo.h
		Shared\sdk\SharedUtil.SysInfo.hpp = Shared\sdk\SharedUtil.SysInfo.hpp
		Shared\sdk\SharedUtil.Tests.hpp = Shared\sdk\SharedUtil.Tests.hpp
		Shared\sdk\SharedUtil.Thread.h = Shared\sdk\SharedUtil.Thread.h
		Shared\sdk\SharedUtil.Time.h = Shared\sdk\SharedUtil.Time.h
		Shared\sdk\SharedUtil.Time.hpp = Shared\sdk\SharedUtil.Time.hpp
		Shared\sdk\SharedUtil.Win32Utf8FileHooks.hpp = Shared\sdk\SharedUtil.Win32Utf8FileHooks.hpp
		Shared\sdk\SString.h = Shared\sdk\SString.h
		Shared\sdk\SString.hpp = Shared\sdk\SString.hpp
		Shared\sdk\UTF8.h = Shared\sdk\UTF8.h
		Shared\sdk\UTF8Detect.hpp = Shared\sdk\UTF8Detect.hpp
		Shared\sdk\WString.h = Shared\sdk\WString.h
		Shared\sdk\WString.hpp = Shared\sdk\WString.hpp
	EndProjectSection
EndProject
Project("{2150E333-8FDC-42A3-9474-1A3956D46DE8}") = "net", "net", "{C05A046A-8B7F-48F2-9E58-36B8FAD2194B}"
	ProjectSection(SolutionItems) = preProject
		Shared\sdk\net\bitstream.h = Shared\sdk\net\bitstream.h
		Shared\sdk\net\CNetHTTPDownloadManagerInterface.h = Shared\sdk\net\CNetHTTPDownloadManagerInterface.h
		Shared\sdk\net\packetenums.h = Shared\sdk\net\packetenums.h
		Shared\sdk\net\Packets.h = Shared\sdk\net\Packets.h
		Shared\sdk\net\rpc_enums.h = Shared\sdk\net\rpc_enums.h
		Shared\sdk\net\SyncStructures.h = Shared\sdk\net\SyncStructures.h
	EndProjectSection
EndProject
Project("{2150E333-8FDC-42A3-9474-1A3956D46DE8}") = "profiler", "profiler", "{73F814F4-26A6-4892-86CE-88550DD6B330}"
	ProjectSection(SolutionItems) = preProject
		Shared\sdk\profiler\SharedUtil.Profiler.h = Shared\sdk\profiler\SharedUtil.Profiler.h
	EndProjectSection
EndProject
Project("{2150E333-8FDC-42A3-9474-1A3956D46DE8}") = "xml", "xml", "{EC49E6E4-FC69-471F-A03F-9C3AC692DB09}"
	ProjectSection(SolutionItems) = preProject
		Shared\sdk\xml\CXML.h = Shared\sdk\xml\CXML.h
		Shared\sdk\xml\CXMLAttribute.h = Shared\sdk\xml\CXMLAttribute.h
		Shared\sdk\xml\CXMLAttributes.h = Shared\sdk\xml\CXMLAttributes.h
		Shared\sdk\xml\CXMLCommon.h = Shared\sdk\xml\CXMLCommon.h
		Shared\sdk\xml\CXMLErrorCodes.h = Shared\sdk\xml\CXMLErrorCodes.h
		Shared\sdk\xml\CXMLFile.h = Shared\sdk\xml\CXMLFile.h
		Shared\sdk\xml\CXMLNode.h = Shared\sdk\xml\CXMLNode.h
	EndProjectSection
EndProject
Project("{8BC9CEB8-8B4A-11D0-8D11-00A0C91BC942}") = "SA-MP+ Server", "SA-MP+ Server\SA-MP+ Server.vcxproj", "{325678A9-ADEA-4664-953F-8641391924D4}"
EndProject
Global
	GlobalSection(SolutionConfigurationPlatforms) = preSolution
		Debug|x64 = Debug|x64
		Debug|x86 = Debug|x86
		Release|x64 = Release|x64
		Release|x86 = Release|x86
	EndGlobalSection
	GlobalSection(ProjectConfigurationPlatforms) = postSolution
		{01492B2D-BDF0-450C-9A8F-2FFC77C4C0CA}.Debug|x64.ActiveCfg = Debug|x64
		{01492B2D-BDF0-450C-9A8F-2FFC77C4C0CA}.Debug|x64.Build.0 = Debug|x64
		{01492B2D-BDF0-450C-9A8F-2FFC77C4C0CA}.Debug|x86.ActiveCfg = Debug|Win32
		{01492B2D-BDF0-450C-9A8F-2FFC77C4C0CA}.Debug|x86.Build.0 = Debug|Win32
		{01492B2D-BDF0-450C-9A8F-2FFC77C4C0CA}.Release|x64.ActiveCfg = Release|x64
		{01492B2D-BDF0-450C-9A8F-2FFC77C4C0CA}.Release|x64.Build.0 = Release|x64
		{01492B2D-BDF0-450C-9A8F-2FFC77C4C0CA}.Release|x86.ActiveCfg = Release|Win32
		{01492B2D-BDF0-450C-9A8F-2FFC77C4C0CA}.Release|x86.Build.0 = Release|Win32
		{7FA4906B-5573-4170-B373-0C17F44D7B32}.Debug|x64.ActiveCfg = Debug|x64
		{7FA4906B-5573-4170-B373-0C17F44D7B32}.Debug|x64.Build.0 = Debug|x64
		{7FA4906B-5573-4170-B373-0C17F44D7B32}.Debug|x86.ActiveCfg = Debug|Win32
		{7FA4906B-5573-4170-B373-0C17F44D7B32}.Debug|x86.Build.0 = Debug|Win32
		{7FA4906B-5573-4170-B373-0C17F44D7B32}.Release|x64.ActiveCfg = Release|x64
		{7FA4906B-5573-4170-B373-0C17F44D7B32}.Release|x64.Build.0 = Release|x64
		{7FA4906B-5573-4170-B373-0C17F44D7B32}.Release|x86.ActiveCfg = Release|Win32
		{7FA4906B-5573-4170-B373-0C17F44D7B32}.Release|x86.Build.0 = Release|Win32
		{1358F6DE-7694-404D-8972-F56DE90E5157}.Debug|x64.ActiveCfg = Debug|x64
		{1358F6DE-7694-404D-8972-F56DE90E5157}.Debug|x64.Build.0 = Debug|x64
		{1358F6DE-7694-404D-8972-F56DE90E5157}.Debug|x86.ActiveCfg = Debug|Win32
		{1358F6DE-7694-404D-8972-F56DE90E5157}.Debug|x86.Build.0 = Debug|Win32
		{1358F6DE-7694-404D-8972-F56DE90E5157}.Release|x64.ActiveCfg = Release|x64
		{1358F6DE-7694-404D-8972-F56DE90E5157}.Release|x64.Build.0 = Release|x64
		{1358F6DE-7694-404D-8972-F56DE90E5157}.Release|x86.ActiveCfg = Release|Win32
		{1358F6DE-7694-404D-8972-F56DE90E5157}.Release|x86.Build.0 = Release|Win32
		{325678A9-ADEA-4664-953F-8641391924D4}.Debug|x64.ActiveCfg = Debug|x64
		{325678A9-ADEA-4664-953F-8641391924D4}.Debug|x64.Build.0 = Debug|x64
		{325678A9-ADEA-4664-953F-8641391924D4}.Debug|x86.ActiveCfg = Debug|Win32
		{325678A9-ADEA-4664-953F-8641391924D4}.Debug|x86.Build.0 = Debug|Win32
		{325678A9-ADEA-4664-953F-8641391924D4}.Release|x64.ActiveCfg = Release|x64
		{325678A9-ADEA-4664-953F-8641391924D4}.Release|x64.Build.0 = Release|x64
		{325678A9-ADEA-4664-953F-8641391924D4}.Release|x86.ActiveCfg = Release|Win32
		{325678A9-ADEA-4664-953F-8641391924D4}.Release|x86.Build.0 = Release|Win32
	EndGlobalSection
	GlobalSection(SolutionProperties) = preSolution
		HideSolutionNode = FALSE
	EndGlobalSection
	GlobalSection(NestedProjects) = preSolution
		{C6F4FBFD-610E-4DF0-BCEC-B19CC9DD0029} = {F65675B7-1C03-46BE-9903-38A2B183B09E}
		{933930E5-D4BE-4347-927F-D2F7E3DF8598} = {F65675B7-1C03-46BE-9903-38A2B183B09E}
		{230D1F19-461D-4E13-883E-05DCC5013D58} = {F65675B7-1C03-46BE-9903-38A2B183B09E}
		{E270DF6B-B778-4F00-BF10-40FFF509EFE5} = {F65675B7-1C03-46BE-9903-38A2B183B09E}
		{282FF7B0-56C2-4B47-B06F-276FD388FABA} = {F65675B7-1C03-46BE-9903-38A2B183B09E}
		{C05A046A-8B7F-48F2-9E58-36B8FAD2194B} = {282FF7B0-56C2-4B47-B06F-276FD388FABA}
		{73F814F4-26A6-4892-86CE-88550DD6B330} = {282FF7B0-56C2-4B47-B06F-276FD388FABA}
		{EC49E6E4-FC69-471F-A03F-9C3AC692DB09} = {282FF7B0-56C2-4B47-B06F-276FD388FABA}
	EndGlobalSection
	GlobalSection(ExtensibilityGlobals) = postSolution
		SolutionGuid = {5B7BF3AF-0EA6-49D5-A7C0-066B237E0B33}
	EndGlobalSection
EndGlobal
