<?xml version="1.0" encoding="utf-8"?>
<Project ToolsVersion="4.0" xmlns="http://schemas.microsoft.com/developer/msbuild/2003">
  <ItemGroup>
    <Filter Include="소스 파일">
      <UniqueIdentifier>{4FC737F1-C7A5-4376-A066-2A32D752A2FF}</UniqueIdentifier>
      <Extensions>cpp;c;cc;cxx;def;odl;idl;hpj;bat;asm;asmx</Extensions>
    </Filter>
    <Filter Include="헤더 파일">
      <UniqueIdentifier>{93995380-89BD-4b04-88EB-625FBE52EBFB}</UniqueIdentifier>
      <Extensions>h;hh;hpp;hxx;hm;inl;inc;ipp;xsd</Extensions>
    </Filter>
    <Filter Include="리소스 파일">
      <UniqueIdentifier>{67DA6AB6-F800-4c08-8B7A-83BB121AAD01}</UniqueIdentifier>
      <Extensions>rc;ico;cur;bmp;dlg;rc2;rct;bin;rgs;gif;jpg;jpeg;jpe;resx;tiff;tif;png;wav;mfcribbon-ms</Extensions>
    </Filter>
  </ItemGroup>
  <ItemGroup>
    <ClInclude Include="C3DMarkerSA.h">
      <Filter>헤더 파일</Filter>
    </ClInclude>
    <ClInclude Include="C3DMarkersSA.h">
      <Filter>헤더 파일</Filter>
    </ClInclude>
    <ClInclude Include="CAEAudioHardwareSA.h">
      <Filter>헤더 파일</Filter>
    </ClInclude>
    <ClInclude Include="CAERadioTrackManagerSA.h">
      <Filter>헤더 파일</Filter>
    </ClInclude>
    <ClInclude Include="CAESoundManagerSA.h">
      <Filter>헤더 파일</Filter>
    </ClInclude>
    <ClInclude Include="CAEVehicleAudioEntitySA.h">
      <Filter>헤더 파일</Filter>
    </ClInclude>
    <ClInclude Include="CAnimBlendAssocGroupSA.h">
      <Filter>헤더 파일</Filter>
    </ClInclude>
    <ClInclude Include="CAnimBlendAssociationSA.h">
      <Filter>헤더 파일</Filter>
    </ClInclude>
    <ClInclude Include="CAnimBlendHierarchySA.h">
      <Filter>헤더 파일</Filter>
    </ClInclude>
    <ClInclude Include="CAnimBlendNodeSA.h">
      <Filter>헤더 파일</Filter>
    </ClInclude>
    <ClInclude Include="CAnimBlendSequenceSA.h">
      <Filter>헤더 파일</Filter>
    </ClInclude>
    <ClInclude Include="CAnimBlendStaticAssociationSA.h">
      <Filter>헤더 파일</Filter>
    </ClInclude>
    <ClInclude Include="CAnimBlockSA.h">
      <Filter>헤더 파일</Filter>
    </ClInclude>
    <ClInclude Include="CAnimManagerSA.h">
      <Filter>헤더 파일</Filter>
    </ClInclude>
    <ClInclude Include="CAudioContainerLookupTableSA.h">
      <Filter>헤더 파일</Filter>
    </ClInclude>
    <ClInclude Include="CAudioContainerSA.h">
      <Filter>헤더 파일</Filter>
    </ClInclude>
    <ClInclude Include="CAudioEngine.h">
      <Filter>헤더 파일</Filter>
    </ClInclude>
    <ClInclude Include="CAudioEngineSA.h">
      <Filter>헤더 파일</Filter>
    </ClInclude>
    <ClInclude Include="CAutomobileSA.h">
      <Filter>헤더 파일</Filter>
    </ClInclude>
    <ClInclude Include="CBikeSA.h">
      <Filter>헤더 파일</Filter>
    </ClInclude>
    <ClInclude Include="CBmxSA.h">
      <Filter>헤더 파일</Filter>
    </ClInclude>
    <ClInclude Include="CBoatSA.h">
      <Filter>헤더 파일</Filter>
    </ClInclude>
    <ClInclude Include="CBuildingSA.h">
      <Filter>헤더 파일</Filter>
    </ClInclude>
    <ClInclude Include="CBuoyancySA.h">
      <Filter>헤더 파일</Filter>
    </ClInclude>
    <ClInclude Include="CCameraSA.h">
      <Filter>헤더 파일</Filter>
    </ClInclude>
    <ClInclude Include="CCamSA.h">
      <Filter>헤더 파일</Filter>
    </ClInclude>
    <ClInclude Include="CCarEnterExitSA.h">
      <Filter>헤더 파일</Filter>
    </ClInclude>
    <ClInclude Include="CCarGeneratorSA.h">
      <Filter>헤더 파일</Filter>
    </ClInclude>
    <ClInclude Include="CCheckpointSA.h">
      <Filter>헤더 파일</Filter>
    </ClInclude>
    <ClInclude Include="CCheckpointsSA.h">
      <Filter>헤더 파일</Filter>
    </ClInclude>
    <ClInclude Include="CCivilianPedSA.h">
      <Filter>헤더 파일</Filter>
    </ClInclude>
    <ClInclude Include="CClockSA.h">
      <Filter>헤더 파일</Filter>
    </ClInclude>
    <ClInclude Include="CColLineSA.h">
      <Filter>헤더 파일</Filter>
    </ClInclude>
    <ClInclude Include="CColModelSA.h">
      <Filter>헤더 파일</Filter>
    </ClInclude>
    <ClInclude Include="CColPointSA.h">
      <Filter>헤더 파일</Filter>
    </ClInclude>
    <ClInclude Include="CCompressedVectorSA.h">
      <Filter>헤더 파일</Filter>
    </ClInclude>
    <ClInclude Include="CControllerConfigManagerSA.h">
      <Filter>헤더 파일</Filter>
    </ClInclude>
    <ClInclude Include="CCoronasSA.h">
      <Filter>헤더 파일</Filter>
    </ClInclude>
    <ClInclude Include="CDamageManagerSA.h">
      <Filter>헤더 파일</Filter>
    </ClInclude>
    <ClInclude Include="CDoorSA.h">
      <Filter>헤더 파일</Filter>
    </ClInclude>
    <ClInclude Include="CEntitySA.h">
      <Filter>헤더 파일</Filter>
    </ClInclude>
    <ClInclude Include="CEventDamageSA.h">
      <Filter>헤더 파일</Filter>
    </ClInclude>
    <ClInclude Include="CEventGroupSA.h">
      <Filter>헤더 파일</Filter>
    </ClInclude>
    <ClInclude Include="CEventGunShotSA.h">
      <Filter>헤더 파일</Filter>
    </ClInclude>
    <ClInclude Include="CEventListSA.h">
      <Filter>헤더 파일</Filter>
    </ClInclude>
    <ClInclude Include="CEventSA.h">
      <Filter>헤더 파일</Filter>
    </ClInclude>
    <ClInclude Include="CExplosionManagerSA.h">
      <Filter>헤더 파일</Filter>
    </ClInclude>
    <ClInclude Include="CExplosionSA.h">
      <Filter>헤더 파일</Filter>
    </ClInclude>
    <ClInclude Include="CFireManagerSA.h">
      <Filter>헤더 파일</Filter>
    </ClInclude>
    <ClInclude Include="CFireSA.h">
      <Filter>헤더 파일</Filter>
    </ClInclude>
    <ClInclude Include="CFontSA.h">
      <Filter>헤더 파일</Filter>
    </ClInclude>
    <ClInclude Include="CFxManagerSA.h">
      <Filter>헤더 파일</Filter>
    </ClInclude>
    <ClInclude Include="CFxSA.h">
      <Filter>헤더 파일</Filter>
    </ClInclude>
    <ClInclude Include="CFxSystemBPSA.h">
      <Filter>헤더 파일</Filter>
    </ClInclude>
    <ClInclude Include="CFxSystemSA.h">
      <Filter>헤더 파일</Filter>
    </ClInclude>
    <ClInclude Include="CGameSA.h">
      <Filter>헤더 파일</Filter>
    </ClInclude>
    <ClInclude Include="CGarageSA.h">
      <Filter>헤더 파일</Filter>
    </ClInclude>
    <ClInclude Include="CGaragesSA.h">
      <Filter>헤더 파일</Filter>
    </ClInclude>
    <ClInclude Include="CHandlingEntrySA.h">
      <Filter>헤더 파일</Filter>
    </ClInclude>
    <ClInclude Include="CHandlingManagerSA.h">
      <Filter>헤더 파일</Filter>
    </ClInclude>
    <ClInclude Include="CHudSA.h">
      <Filter>헤더 파일</Filter>
    </ClInclude>
    <ClInclude Include="CKeyGenSA.h">
      <Filter>헤더 파일</Filter>
    </ClInclude>
    <ClInclude Include="CMarkerSA.h">
      <Filter>헤더 파일</Filter>
    </ClInclude>
    <ClInclude Include="CMenuManagerSA.h">
      <Filter>헤더 파일</Filter>
    </ClInclude>
    <ClInclude Include="CModelInfoSA.h">
      <Filter>헤더 파일</Filter>
    </ClInclude>
    <ClInclude Include="CMonsterTruckSA.h">
      <Filter>헤더 파일</Filter>
    </ClInclude>
    <ClInclude Include="CObjectSA.h">
      <Filter>헤더 파일</Filter>
    </ClInclude>
    <ClInclude Include="COffsets.h">
      <Filter>헤더 파일</Filter>
    </ClInclude>
    <ClInclude Include="Common.h">
      <Filter>헤더 파일</Filter>
    </ClInclude>
    <ClInclude Include="CPadSA.h">
      <Filter>헤더 파일</Filter>
    </ClInclude>
    <ClInclude Include="CParticleObjectSA.h">
      <Filter>헤더 파일</Filter>
    </ClInclude>
    <ClInclude Include="CParticleSA.h">
      <Filter>헤더 파일</Filter>
    </ClInclude>
    <ClInclude Include="CParticleSystemManagerSA.h">
      <Filter>헤더 파일</Filter>
    </ClInclude>
    <ClInclude Include="CPathFindSA.h">
      <Filter>헤더 파일</Filter>
    </ClInclude>
    <ClInclude Include="CPedDamageResponseCalculatorSA.h">
      <Filter>헤더 파일</Filter>
    </ClInclude>
    <ClInclude Include="CPedDamageResponseSA.h">
      <Filter>헤더 파일</Filter>
    </ClInclude>
    <ClInclude Include="CPedIKSA.h">
      <Filter>헤더 파일</Filter>
    </ClInclude>
    <ClInclude Include="CPedIntelligenceSA.h">
      <Filter>헤더 파일</Filter>
    </ClInclude>
    <ClInclude Include="CPedModelInfoSA.h">
      <Filter>헤더 파일</Filter>
    </ClInclude>
    <ClInclude Include="CPedSA.h">
      <Filter>헤더 파일</Filter>
    </ClInclude>
    <ClInclude Include="CPedSoundSA.h">
      <Filter>헤더 파일</Filter>
    </ClInclude>
    <ClInclude Include="CPhysicalSA.h">
      <Filter>헤더 파일</Filter>
    </ClInclude>
    <ClInclude Include="CPickupSA.h">
      <Filter>헤더 파일</Filter>
    </ClInclude>
    <ClInclude Include="CPickupsSA.h">
      <Filter>헤더 파일</Filter>
    </ClInclude>
    <ClInclude Include="CPlaneSA.h">
      <Filter>헤더 파일</Filter>
    </ClInclude>
    <ClInclude Include="CPlayerInfoSA.h">
      <Filter>헤더 파일</Filter>
    </ClInclude>
    <ClInclude Include="CPlayerPedSA.h">
      <Filter>헤더 파일</Filter>
    </ClInclude>
    <ClInclude Include="CPointLightsSA.h">
      <Filter>헤더 파일</Filter>
    </ClInclude>
    <ClInclude Include="CPoolsSA.h">
      <Filter>헤더 파일</Filter>
    </ClInclude>
    <ClInclude Include="CPopulationSA.h">
      <Filter>헤더 파일</Filter>
    </ClInclude>
    <ClInclude Include="CProjectileInfoSA.h">
      <Filter>헤더 파일</Filter>
    </ClInclude>
    <ClInclude Include="CProjectileSA.h">
      <Filter>헤더 파일</Filter>
    </ClInclude>
    <ClInclude Include="CQuadBikeSA.h">
      <Filter>헤더 파일</Filter>
    </ClInclude>
    <ClInclude Include="CRadarSA.h">
      <Filter>헤더 파일</Filter>
    </ClInclude>
    <ClInclude Include="CRegisteredCoronaSA.h">
      <Filter>헤더 파일</Filter>
    </ClInclude>
    <ClInclude Include="CRemoteSA.h">
      <Filter>헤더 파일</Filter>
    </ClInclude>
    <ClInclude Include="CRenderWareSA.h">
      <Filter>헤더 파일</Filter>
    </ClInclude>
    <ClInclude Include="CRenderWareSA.ShaderMatching.h">
      <Filter>헤더 파일</Filter>
    </ClInclude>
    <ClInclude Include="CRenderWareSA.ShaderSupport.h">
      <Filter>헤더 파일</Filter>
    </ClInclude>
    <ClInclude Include="CRestartSA.h">
      <Filter>헤더 파일</Filter>
    </ClInclude>
    <ClInclude Include="CRopesSA.h">
      <Filter>헤더 파일</Filter>
    </ClInclude>
    <ClInclude Include="CSettingsSA.h">
      <Filter>헤더 파일</Filter>
    </ClInclude>
    <ClInclude Include="CShadowDataSA.h">
      <Filter>헤더 파일</Filter>
    </ClInclude>
    <ClInclude Include="CStatsSA.h">
      <Filter>헤더 파일</Filter>
    </ClInclude>
    <ClInclude Include="CStreamingSA.h">
      <Filter>헤더 파일</Filter>
    </ClInclude>
    <ClInclude Include="CTaskManagementSystemSA.h">
      <Filter>헤더 파일</Filter>
    </ClInclude>
    <ClInclude Include="CTaskManagerSA.h">
      <Filter>헤더 파일</Filter>
    </ClInclude>
    <ClInclude Include="CTasksSA.h">
      <Filter>헤더 파일</Filter>
    </ClInclude>
    <ClInclude Include="CTextSA.h">
      <Filter>헤더 파일</Filter>
    </ClInclude>
    <ClInclude Include="CTheCarGeneratorsSA.h">
      <Filter>헤더 파일</Filter>
    </ClInclude>
    <ClInclude Include="CTrailerSA.h">
      <Filter>헤더 파일</Filter>
    </ClInclude>
    <ClInclude Include="CVehicleSA.h">
      <Filter>헤더 파일</Filter>
    </ClInclude>
    <ClInclude Include="CVehicleScannerSA.h">
      <Filter>헤더 파일</Filter>
    </ClInclude>
    <ClInclude Include="CVisibilityPluginsSA.h">
      <Filter>헤더 파일</Filter>
    </ClInclude>
    <ClInclude Include="CWantedSA.h">
      <Filter>헤더 파일</Filter>
    </ClInclude>
    <ClInclude Include="CWaterManagerSA.h">
      <Filter>헤더 파일</Filter>
    </ClInclude>
    <ClInclude Include="CWaterSA.h">
      <Filter>헤더 파일</Filter>
    </ClInclude>
    <ClInclude Include="CWeaponInfoSA.h">
      <Filter>헤더 파일</Filter>
    </ClInclude>
    <ClInclude Include="CWeaponSA.h">
      <Filter>헤더 파일</Filter>
    </ClInclude>
    <ClInclude Include="CWeaponStatManagerSA.h">
      <Filter>헤더 파일</Filter>
    </ClInclude>
    <ClInclude Include="CWeaponStatSA.h">
      <Filter>헤더 파일</Filter>
    </ClInclude>
    <ClInclude Include="CWeatherSA.h">
      <Filter>헤더 파일</Filter>
    </ClInclude>
    <ClInclude Include="CWorldSA.h">
      <Filter>헤더 파일</Filter>
    </ClInclude>
    <ClInclude Include="gamesa_init.h">
      <Filter>헤더 파일</Filter>
    </ClInclude>
    <ClInclude Include="gamesa_renderware.h">
      <Filter>헤더 파일</Filter>
    </ClInclude>
    <ClInclude Include="gamesa_renderware.hpp">
      <Filter>헤더 파일</Filter>
    </ClInclude>
    <ClInclude Include="HeapTrace.h">
      <Filter>헤더 파일</Filter>
    </ClInclude>
    <ClInclude Include="HookSystem.h">
      <Filter>헤더 파일</Filter>
    </ClInclude>
    <ClInclude Include="StdInc.h">
      <Filter>헤더 파일</Filter>
    </ClInclude>
    <ClInclude Include="TaskAttackSA.h">
      <Filter>헤더 파일</Filter>
    </ClInclude>
    <ClInclude Include="TaskBasicSA.h">
      <Filter>헤더 파일</Filter>
    </ClInclude>
    <ClInclude Include="TaskCarAccessoriesSA.h">
      <Filter>헤더 파일</Filter>
    </ClInclude>
    <ClInclude Include="TaskCarSA.h">
      <Filter>헤더 파일</Filter>
    </ClInclude>
    <ClInclude Include="TaskGoToSA.h">
      <Filter>헤더 파일</Filter>
    </ClInclude>
    <ClInclude Include="TaskIKSA.h">
      <Filter>헤더 파일</Filter>
    </ClInclude>
    <ClInclude Include="TaskJumpFallSA.h">
      <Filter>헤더 파일</Filter>
    </ClInclude>
    <ClInclude Include="TaskNamesSA.h">
      <Filter>헤더 파일</Filter>
    </ClInclude>
    <ClInclude Include="TaskPhysicalResponseSA.h">
      <Filter>헤더 파일</Filter>
    </ClInclude>
    <ClInclude Include="TaskSA.h">
      <Filter>헤더 파일</Filter>
    </ClInclude>
    <ClInclude Include="TaskSecondarySA.h">
      <Filter>헤더 파일</Filter>
    </ClInclude>
  </ItemGroup>
  <ItemGroup>
    <ClCompile Include="C3DMarkerSA.cpp">
      <Filter>소스 파일</Filter>
    </ClCompile>
    <ClCompile Include="C3DMarkersSA.cpp">
      <Filter>소스 파일</Filter>
    </ClCompile>
    <ClCompile Include="CAEAudioHardwareSA.cpp">
      <Filter>소스 파일</Filter>
    </ClCompile>
    <ClCompile Include="CAERadioTrackManagerSA.cpp">
      <Filter>소스 파일</Filter>
    </ClCompile>
    <ClCompile Include="CAESoundManagerSA.cpp">
      <Filter>소스 파일</Filter>
    </ClCompile>
    <ClCompile Include="CAEVehicleAudioEntitySA.cpp">
      <Filter>소스 파일</Filter>
    </ClCompile>
    <ClCompile Include="CAnimBlendAssocGroupSA.cpp">
      <Filter>소스 파일</Filter>
    </ClCompile>
    <ClCompile Include="CAnimBlendAssociationSA.cpp">
      <Filter>소스 파일</Filter>
    </ClCompile>
    <ClCompile Include="CAnimBlendHierarchySA.cpp">
      <Filter>소스 파일</Filter>
    </ClCompile>
    <ClCompile Include="CAnimBlendSequenceSA.cpp">
      <Filter>소스 파일</Filter>
    </ClCompile>
    <ClCompile Include="CAnimBlendStaticAssociationSA.cpp">
      <Filter>소스 파일</Filter>
    </ClCompile>
    <ClCompile Include="CAnimBlockSA.cpp">
      <Filter>소스 파일</Filter>
    </ClCompile>
    <ClCompile Include="CAnimManagerSA.cpp">
      <Filter>소스 파일</Filter>
    </ClCompile>
    <ClCompile Include="CAudioContainerLookupTableSA.cpp">
      <Filter>소스 파일</Filter>
    </ClCompile>
    <ClCompile Include="CAudioContainerSA.cpp">
      <Filter>소스 파일</Filter>
    </ClCompile>
    <ClCompile Include="CAudioEngineSA.cpp">
      <Filter>소스 파일</Filter>
    </ClCompile>
    <ClCompile Include="CAutomobileSA.cpp">
      <Filter>소스 파일</Filter>
    </ClCompile>
    <ClCompile Include="CBikeSA.cpp">
      <Filter>소스 파일</Filter>
    </ClCompile>
    <ClCompile Include="CBmxSA.cpp">
      <Filter>소스 파일</Filter>
    </ClCompile>
    <ClCompile Include="CBoatSA.cpp">
      <Filter>소스 파일</Filter>
    </ClCompile>
    <ClCompile Include="CBuildingSA.cpp">
      <Filter>소스 파일</Filter>
    </ClCompile>
    <ClCompile Include="CBuoyancySA.cpp">
      <Filter>소스 파일</Filter>
    </ClCompile>
    <ClCompile Include="CCameraSA.cpp">
      <Filter>소스 파일</Filter>
    </ClCompile>
    <ClCompile Include="CCamSA.cpp">
      <Filter>소스 파일</Filter>
    </ClCompile>
    <ClCompile Include="CCarEnterExitSA.cpp">
      <Filter>소스 파일</Filter>
    </ClCompile>
    <ClCompile Include="CCarGeneratorSA.cpp">
      <Filter>소스 파일</Filter>
    </ClCompile>
    <ClCompile Include="CCheckpointSA.cpp">
      <Filter>소스 파일</Filter>
    </ClCompile>
    <ClCompile Include="CCheckpointsSA.cpp">
      <Filter>소스 파일</Filter>
    </ClCompile>
    <ClCompile Include="CCivilianPedSA.cpp">
      <Filter>소스 파일</Filter>
    </ClCompile>
    <ClCompile Include="CClockSA.cpp">
      <Filter>소스 파일</Filter>
    </ClCompile>
    <ClCompile Include="CColModelSA.cpp">
      <Filter>소스 파일</Filter>
    </ClCompile>
    <ClCompile Include="CColPointSA.cpp">
      <Filter>소스 파일</Filter>
    </ClCompile>
    <ClCompile Include="CControllerConfigManagerSA.cpp">
      <Filter>소스 파일</Filter>
    </ClCompile>
    <ClCompile Include="CCoronasSA.cpp">
      <Filter>소스 파일</Filter>
    </ClCompile>
    <ClCompile Include="CDamageManagerSA.cpp">
      <Filter>소스 파일</Filter>
    </ClCompile>
    <ClCompile Include="CDoorSA.cpp">
      <Filter>소스 파일</Filter>
    </ClCompile>
    <ClCompile Include="CEntitySA.cpp">
      <Filter>소스 파일</Filter>
    </ClCompile>
    <ClCompile Include="CEventDamageSA.cpp">
      <Filter>소스 파일</Filter>
    </ClCompile>
    <ClCompile Include="CEventGroupSA.cpp">
      <Filter>소스 파일</Filter>
    </ClCompile>
    <ClCompile Include="CEventGunShotSA.cpp">
      <Filter>소스 파일</Filter>
    </ClCompile>
    <ClCompile Include="CEventListSA.cpp">
      <Filter>소스 파일</Filter>
    </ClCompile>
    <ClCompile Include="CEventSA.cpp">
      <Filter>소스 파일</Filter>
    </ClCompile>
    <ClCompile Include="CExplosionManagerSA.cpp">
      <Filter>소스 파일</Filter>
    </ClCompile>
    <ClCompile Include="CExplosionSA.cpp">
      <Filter>소스 파일</Filter>
    </ClCompile>
    <ClCompile Include="CFireManagerSA.cpp">
      <Filter>소스 파일</Filter>
    </ClCompile>
    <ClCompile Include="CFireSA.cpp">
      <Filter>소스 파일</Filter>
    </ClCompile>
    <ClCompile Include="CFontSA.cpp">
      <Filter>소스 파일</Filter>
    </ClCompile>
    <ClCompile Include="CFxManagerSA.cpp">
      <Filter>소스 파일</Filter>
    </ClCompile>
    <ClCompile Include="CFxSA.cpp">
      <Filter>소스 파일</Filter>
    </ClCompile>
    <ClCompile Include="CFxSystemSA.cpp">
      <Filter>소스 파일</Filter>
    </ClCompile>
    <ClCompile Include="CGameSA.cpp">
      <Filter>소스 파일</Filter>
    </ClCompile>
    <ClCompile Include="CGarageSA.cpp">
      <Filter>소스 파일</Filter>
    </ClCompile>
    <ClCompile Include="CGaragesSA.cpp">
      <Filter>소스 파일</Filter>
    </ClCompile>
    <ClCompile Include="CHandlingEntrySA.cpp">
      <Filter>소스 파일</Filter>
    </ClCompile>
    <ClCompile Include="CHandlingManagerSA.cpp">
      <Filter>소스 파일</Filter>
    </ClCompile>
    <ClCompile Include="CHudSA.cpp">
      <Filter>소스 파일</Filter>
    </ClCompile>
    <ClCompile Include="CKeyGenSA.cpp">
      <Filter>소스 파일</Filter>
    </ClCompile>
    <ClCompile Include="CMarkerSA.cpp">
      <Filter>소스 파일</Filter>
    </ClCompile>
    <ClCompile Include="CMenuManagerSA.cpp">
      <Filter>소스 파일</Filter>
    </ClCompile>
    <ClCompile Include="CModelInfoSA.cpp">
      <Filter>소스 파일</Filter>
    </ClCompile>
    <ClCompile Include="CMonsterTruckSA.cpp">
      <Filter>소스 파일</Filter>
    </ClCompile>
    <ClCompile Include="CObjectSA.cpp">
      <Filter>소스 파일</Filter>
    </ClCompile>
    <ClCompile Include="COffsets.cpp">
      <Filter>소스 파일</Filter>
    </ClCompile>
    <ClCompile Include="CPadSA.cpp">
      <Filter>소스 파일</Filter>
    </ClCompile>
    <ClCompile Include="CParticleObjectSA.cpp">
      <Filter>소스 파일</Filter>
    </ClCompile>
    <ClCompile Include="CParticleSA.cpp">
      <Filter>소스 파일</Filter>
    </ClCompile>
    <ClCompile Include="CParticleSystemManagerSA.cpp">
      <Filter>소스 파일</Filter>
    </ClCompile>
    <ClCompile Include="CPathFindSA.cpp">
      <Filter>소스 파일</Filter>
    </ClCompile>
    <ClCompile Include="CPedDamageResponseCalculatorSA.cpp">
      <Filter>소스 파일</Filter>
    </ClCompile>
    <ClCompile Include="CPedDamageResponseSA.cpp">
      <Filter>소스 파일</Filter>
    </ClCompile>
    <ClCompile Include="CPedIKSA.cpp">
      <Filter>소스 파일</Filter>
    </ClCompile>
    <ClCompile Include="CPedIntelligenceSA.cpp">
      <Filter>소스 파일</Filter>
    </ClCompile>
    <ClCompile Include="CPedModelInfoSA.cpp">
      <Filter>소스 파일</Filter>
    </ClCompile>
    <ClCompile Include="CPedSA.cpp">
      <Filter>소스 파일</Filter>
    </ClCompile>
    <ClCompile Include="CPedSoundSA.cpp">
      <Filter>소스 파일</Filter>
    </ClCompile>
    <ClCompile Include="CPhysicalSA.cpp">
      <Filter>소스 파일</Filter>
    </ClCompile>
    <ClCompile Include="CPickupSA.cpp">
      <Filter>소스 파일</Filter>
    </ClCompile>
    <ClCompile Include="CPickupsSA.cpp">
      <Filter>소스 파일</Filter>
    </ClCompile>
    <ClCompile Include="CPlaneSA.cpp">
      <Filter>소스 파일</Filter>
    </ClCompile>
    <ClCompile Include="CPlayerInfoSA.cpp">
      <Filter>소스 파일</Filter>
    </ClCompile>
    <ClCompile Include="CPlayerPedSA.cpp">
      <Filter>소스 파일</Filter>
    </ClCompile>
    <ClCompile Include="CPointLightsSA.cpp">
      <Filter>소스 파일</Filter>
    </ClCompile>
    <ClCompile Include="CPoolsSA.cpp">
      <Filter>소스 파일</Filter>
    </ClCompile>
    <ClCompile Include="CPopulationSA.cpp">
      <Filter>소스 파일</Filter>
    </ClCompile>
    <ClCompile Include="CProjectileInfoSA.cpp">
      <Filter>소스 파일</Filter>
    </ClCompile>
    <ClCompile Include="CProjectileSA.cpp">
      <Filter>소스 파일</Filter>
    </ClCompile>
    <ClCompile Include="CQuadBikeSA.cpp">
      <Filter>소스 파일</Filter>
    </ClCompile>
    <ClCompile Include="CRadarSA.cpp">
      <Filter>소스 파일</Filter>
    </ClCompile>
    <ClCompile Include="CRegisteredCoronaSA.cpp">
      <Filter>소스 파일</Filter>
    </ClCompile>
    <ClCompile Include="CRemoteSA.cpp">
      <Filter>소스 파일</Filter>
    </ClCompile>
    <ClCompile Include="CRenderWareSA.ClothesReplacing.cpp">
      <Filter>소스 파일</Filter>
    </ClCompile>
    <ClCompile Include="CRenderWareSA.cpp">
      <Filter>소스 파일</Filter>
    </ClCompile>
    <ClCompile Include="CRenderWareSA.ShaderMatching.cpp">
      <Filter>소스 파일</Filter>
    </ClCompile>
    <ClCompile Include="CRenderWareSA.ShaderSupport.cpp">
      <Filter>소스 파일</Filter>
    </ClCompile>
    <ClCompile Include="CRenderWareSA.TextureReplacing.cpp">
      <Filter>소스 파일</Filter>
    </ClCompile>
    <ClCompile Include="CRenderWareSA.TxdRightSizing.cpp">
      <Filter>소스 파일</Filter>
    </ClCompile>
    <ClCompile Include="CRestartSA.cpp">
      <Filter>소스 파일</Filter>
    </ClCompile>
    <ClCompile Include="CRopesSA.cpp">
      <Filter>소스 파일</Filter>
    </ClCompile>
    <ClCompile Include="CSettingsSA.cpp">
      <Filter>소스 파일</Filter>
    </ClCompile>
    <ClCompile Include="CShadowDataSA.cpp">
      <Filter>소스 파일</Filter>
    </ClCompile>
    <ClCompile Include="CStatsSA.cpp">
      <Filter>소스 파일</Filter>
    </ClCompile>
    <ClCompile Include="CStreamingSA.cpp">
      <Filter>소스 파일</Filter>
    </ClCompile>
    <ClCompile Include="CTaskManagementSystemSA.cpp">
      <Filter>소스 파일</Filter>
    </ClCompile>
    <ClCompile Include="CTaskManagerSA.cpp">
      <Filter>소스 파일</Filter>
    </ClCompile>
    <ClCompile Include="CTasksSA.cpp">
      <Filter>소스 파일</Filter>
    </ClCompile>
    <ClCompile Include="CTextSA.cpp">
      <Filter>소스 파일</Filter>
    </ClCompile>
    <ClCompile Include="CTheCarGeneratorsSA.cpp">
      <Filter>소스 파일</Filter>
    </ClCompile>
    <ClCompile Include="CTrailerSA.cpp">
      <Filter>소스 파일</Filter>
    </ClCompile>
    <ClCompile Include="CVehicleSA.cpp">
      <Filter>소스 파일</Filter>
    </ClCompile>
    <ClCompile Include="CVehicleScannerSA.cpp">
      <Filter>소스 파일</Filter>
    </ClCompile>
    <ClCompile Include="CVisibilityPluginsSA.cpp">
      <Filter>소스 파일</Filter>
    </ClCompile>
    <ClCompile Include="CWantedSA.cpp">
      <Filter>소스 파일</Filter>
    </ClCompile>
    <ClCompile Include="CWaterManagerSA.cpp">
      <Filter>소스 파일</Filter>
    </ClCompile>
    <ClCompile Include="CWaterSA.cpp">
      <Filter>소스 파일</Filter>
    </ClCompile>
    <ClCompile Include="CWeaponInfoSA.cpp">
      <Filter>소스 파일</Filter>
    </ClCompile>
    <ClCompile Include="CWeaponSA.cpp">
      <Filter>소스 파일</Filter>
    </ClCompile>
    <ClCompile Include="CWeaponStatManagerSA.cpp">
      <Filter>소스 파일</Filter>
    </ClCompile>
    <ClCompile Include="CWeaponStatSA.cpp">
      <Filter>소스 파일</Filter>
    </ClCompile>
    <ClCompile Include="CWeatherSA.cpp">
      <Filter>소스 파일</Filter>
    </ClCompile>
    <ClCompile Include="CWorldSA.cpp">
      <Filter>소스 파일</Filter>
    </ClCompile>
    <ClCompile Include="HeapTrace.cpp">
      <Filter>소스 파일</Filter>
    </ClCompile>
    <ClCompile Include="HookSystem.cpp">
      <Filter>소스 파일</Filter>
    </ClCompile>
    <ClCompile Include="StdInc.cpp">
      <Filter>소스 파일</Filter>
    </ClCompile>
    <ClCompile Include="TaskAttackSA.cpp">
      <Filter>소스 파일</Filter>
    </ClCompile>
    <ClCompile Include="TaskBasicSA.cpp">
      <Filter>소스 파일</Filter>
    </ClCompile>
    <ClCompile Include="TaskCarAccessoriesSA.cpp">
      <Filter>소스 파일</Filter>
    </ClCompile>
    <ClCompile Include="TaskCarSA.cpp">
      <Filter>소스 파일</Filter>
    </ClCompile>
    <ClCompile Include="TaskGoToSA.cpp">
      <Filter>소스 파일</Filter>
    </ClCompile>
    <ClCompile Include="TaskIKSA.cpp">
      <Filter>소스 파일</Filter>
    </ClCompile>
    <ClCompile Include="TaskJumpFallSA.cpp">
      <Filter>소스 파일</Filter>
    </ClCompile>
    <ClCompile Include="TaskNamesSA.cpp">
      <Filter>소스 파일</Filter>
    </ClCompile>
    <ClCompile Include="TaskPhysicalResponseSA.cpp">
      <Filter>소스 파일</Filter>
    </ClCompile>
    <ClCompile Include="TaskSA.cpp">
      <Filter>소스 파일</Filter>
    </ClCompile>
    <ClCompile Include="TaskSecondarySA.cpp">
      <Filter>소스 파일</Filter>
    </ClCompile>
    <ClCompile Include="gamesa_init.cpp">
      <Filter>소스 파일</Filter>
    </ClCompile>
  </ItemGroup>
</Project>